
Microsoft Visual Studio Solution File, Format Version 12.00
# Visual Studio Version 17
VisualStudioVersion = 17.14.36408.4 d17.14
MinimumVisualStudioVersion = 10.0.40219.1
Project("{FAE04EC0-301F-11D3-BF4B-00C04F79EFBC}") = "Fiotec.ViaCep.API", "Fiotec.ViaCep.API\Fiotec.ViaCep.API.csproj", "{898310B5-5CF9-424C-BD4E-C5418DEEE7F9}"
EndProject
Global
	GlobalSection(SolutionConfigurationPlatforms) = preSolution
		Debug|Any CPU = Debug|Any CPU
		Release|Any CPU = Release|Any CPU
	EndGlobalSection
	GlobalSection(ProjectConfigurationPlatforms) = postSolution
		{898310B5-5CF9-424C-BD4E-C5418DEEE7F9}.Debug|Any CPU.ActiveCfg = Debug|Any CPU
		{898310B5-5CF9-424C-BD4E-C5418DEEE7F9}.Debug|Any CPU.Build.0 = Debug|Any CPU
		{898310B5-5CF9-424C-BD4E-C5418DEEE7F9}.Release|Any CPU.ActiveCfg = Release|Any CPU
		{898310B5-5CF9-424C-BD4E-C5418DEEE7F9}.Release|Any CPU.Build.0 = Release|Any CPU
	EndGlobalSection
	GlobalSection(SolutionProperties) = preSolution
		HideSolutionNode = FALSE
	EndGlobalSection
	GlobalSection(ExtensibilityGlobals) = postSolution
		SolutionGuid = {FF277B2B-8DFE-407F-BFC4-0CD449151A3E}
	EndGlobalSection
EndGlobal
